
Microsoft Visual Studio Solution File, Format Version 12.00
# Visual Studio Version 17
VisualStudioVersion = 17.5.33530.505
MinimumVisualStudioVersion = 10.0.40219.1
Project("{8BC9CEB8-8B4A-11D0-8D11-00A0C91BC942}") = "homework_mp_1.1.2", "homework_mp_1.1.2.vcxproj", "{F007A8E1-F171-495A-9BE9-1AA147DDFE05}"
EndProject
Global
	GlobalSection(SolutionConfigurationPlatforms) = preSolution
		Debug|x64 = Debug|x64
		Debug|x86 = Debug|x86
		Release|x64 = Release|x64
		Release|x86 = Release|x86
	EndGlobalSection
	GlobalSection(ProjectConfigurationPlatforms) = postSolution
		{F007A8E1-F171-495A-9BE9-1AA147DDFE05}.Debug|x64.ActiveCfg = Debug|x64
		{F007A8E1-F171-495A-9BE9-1AA147DDFE05}.Debug|x64.Build.0 = Debug|x64
		{F007A8E1-F171-495A-9BE9-1AA147DDFE05}.Debug|x86.ActiveCfg = Debug|Win32
		{F007A8E1-F171-495A-9BE9-1AA147DDFE05}.Debug|x86.Build.0 = Debug|Win32
		{F007A8E1-F171-495A-9BE9-1AA147DDFE05}.Release|x64.ActiveCfg = Release|x64
		{F007A8E1-F171-495A-9BE9-1AA147DDFE05}.Release|x64.Build.0 = Release|x64
		{F007A8E1-F171-495A-9BE9-1AA147DDFE05}.Release|x86.ActiveCfg = Release|Win32
		{F007A8E1-F171-495A-9BE9-1AA147DDFE05}.Release|x86.Build.0 = Release|Win32
	EndGlobalSection
	GlobalSection(SolutionProperties) = preSolution
		HideSolutionNode = FALSE
	EndGlobalSection
	GlobalSection(ExtensibilityGlobals) = postSolution
		SolutionGuid = {56F4EDE3-4FAF-4BBF-9559-CDB9951ACFBF}
	EndGlobalSection
EndGlobal
